// !$*UTF8*$!
{
	archiveVersion = 1;
	classes = {
	};
	objectVersion = 46;
	objects = {

/* Begin PBXBuildFile section */
		216439B41A2511EB00342169 /* HTTPMethodsViewController.swift in Sources */ = {isa = PBXBuildFile; fileRef = 216439B31A2511EB00342169 /* HTTPMethodsViewController.swift */; };
		21ACE5E51A33CB18001D483C /* HTTPResponseView.xib in Resources */ = {isa = PBXBuildFile; fileRef = 21ACE5E31A33CB18001D483C /* HTTPResponseView.xib */; };
		21ACE5E91A33CDE9001D483C /* HTTPResponseViewController.swift in Sources */ = {isa = PBXBuildFile; fileRef = 21ACE5E81A33CDE9001D483C /* HTTPResponseViewController.swift */; };
		21BE29551A24AF6100718880 /* AppDelegate.swift in Sources */ = {isa = PBXBuildFile; fileRef = 21BE29541A24AF6100718880 /* AppDelegate.swift */; };
		21BE295A1A24AF6100718880 /* Main.storyboard in Resources */ = {isa = PBXBuildFile; fileRef = 21BE29581A24AF6100718880 /* Main.storyboard */; };
		21BE295C1A24AF6100718880 /* Images.xcassets in Resources */ = {isa = PBXBuildFile; fileRef = 21BE295B1A24AF6100718880 /* Images.xcassets */; };
		21BE296B1A24AF6200718880 /* ToDoListTests.swift in Sources */ = {isa = PBXBuildFile; fileRef = 21BE296A1A24AF6200718880 /* ToDoListTests.swift */; };
		21DA54BF1A24C66A0015C3EE /* AddToDoItemViewController.swift in Sources */ = {isa = PBXBuildFile; fileRef = 21DA54BE1A24C66A0015C3EE /* AddToDoItemViewController.swift */; };
		21DA54C51A24C7B00015C3EE /* ToDoListTableViewController.swift in Sources */ = {isa = PBXBuildFile; fileRef = 21DA54C41A24C7B00015C3EE /* ToDoListTableViewController.swift */; };
		21DA54C71A24D0120015C3EE /* ToDoItem.swift in Sources */ = {isa = PBXBuildFile; fileRef = 21DA54C61A24D0120015C3EE /* ToDoItem.swift */; };
		21EA43071A310BDF00FB8EB4 /* DefaultPreferences.plist in Resources */ = {isa = PBXBuildFile; fileRef = 21EA43061A310BDF00FB8EB4 /* DefaultPreferences.plist */; };
		21EA430E1A34D67D00FB8EB4 /* SwiftyJSON.swift in Sources */ = {isa = PBXBuildFile; fileRef = 21EA430D1A34D67D00FB8EB4 /* SwiftyJSON.swift */; };
		AE966C0B78DE7891B51B225C /* libPods.a in Frameworks */ = {isa = PBXBuildFile; fileRef = 1A8CDF0306F12544C23C6864 /* libPods.a */; };
/* End PBXBuildFile section */

/* Begin PBXContainerItemProxy section */
		21BE29651A24AF6200718880 /* PBXContainerItemProxy */ = {
			isa = PBXContainerItemProxy;
			containerPortal = 21BE29471A24AF6100718880 /* Project object */;
			proxyType = 1;
			remoteGlobalIDString = 21BE294E1A24AF6100718880;
			remoteInfo = ToDoList;
		};
/* End PBXContainerItemProxy section */

/* Begin PBXFileReference section */
		1A8CDF0306F12544C23C6864 /* libPods.a */ = {isa = PBXFileReference; explicitFileType = archive.ar; includeInIndex = 0; path = libPods.a; sourceTree = BUILT_PRODUCTS_DIR; };
		1D06FF029878F0738204238B /* Pods.release.xcconfig */ = {isa = PBXFileReference; includeInIndex = 1; lastKnownFileType = text.xcconfig; name = Pods.release.xcconfig; path = "Pods/Target Support Files/Pods/Pods.release.xcconfig"; sourceTree = "<group>"; };
		216439B21A250A8900342169 /* ToDoList-Bridging-Header.h */ = {isa = PBXFileReference; fileEncoding = 4; lastKnownFileType = sourcecode.c.h; name = "ToDoList-Bridging-Header.h"; path = "Headers/ToDoList-Bridging-Header.h"; sourceTree = "<group>"; };
		216439B31A2511EB00342169 /* HTTPMethodsViewController.swift */ = {isa = PBXFileReference; fileEncoding = 4; lastKnownFileType = sourcecode.swift; name = HTTPMethodsViewController.swift; path = Controllers/HTTPMethodsViewController.swift; sourceTree = "<group>"; };
		21ACE5E31A33CB18001D483C /* HTTPResponseView.xib */ = {isa = PBXFileReference; fileEncoding = 4; lastKnownFileType = file.xib; name = HTTPResponseView.xib; path = Views/HTTPResponseView.xib; sourceTree = "<group>"; };
		21ACE5E81A33CDE9001D483C /* HTTPResponseViewController.swift */ = {isa = PBXFileReference; fileEncoding = 4; lastKnownFileType = sourcecode.swift; name = HTTPResponseViewController.swift; path = Controllers/HTTPResponseViewController.swift; sourceTree = "<group>"; };
		21BE294F1A24AF6100718880 /* ToDoList.app */ = {isa = PBXFileReference; explicitFileType = wrapper.application; includeInIndex = 0; path = ToDoList.app; sourceTree = BUILT_PRODUCTS_DIR; };
		21BE29531A24AF6100718880 /* Info.plist */ = {isa = PBXFileReference; lastKnownFileType = text.plist.xml; name = Info.plist; path = Resources/Info.plist; sourceTree = "<group>"; };
		21BE29541A24AF6100718880 /* AppDelegate.swift */ = {isa = PBXFileReference; lastKnownFileType = sourcecode.swift; name = AppDelegate.swift; path = Application/AppDelegate.swift; sourceTree = "<group>"; };
		21BE29591A24AF6100718880 /* Base */ = {isa = PBXFileReference; lastKnownFileType = file.storyboard; name = Base; path = Base.lproj/Main.storyboard; sourceTree = "<group>"; };
		21BE295B1A24AF6100718880 /* Images.xcassets */ = {isa = PBXFileReference; lastKnownFileType = folder.assetcatalog; name = Images.xcassets; path = Resources/Images.xcassets; sourceTree = "<group>"; };
		21BE29641A24AF6200718880 /* ToDoListTests.xctest */ = {isa = PBXFileReference; explicitFileType = wrapper.cfbundle; includeInIndex = 0; path = ToDoListTests.xctest; sourceTree = BUILT_PRODUCTS_DIR; };
		21BE29691A24AF6200718880 /* Info.plist */ = {isa = PBXFileReference; lastKnownFileType = text.plist.xml; name = Info.plist; path = ../Tests/Info.plist; sourceTree = "<group>"; };
		21BE296A1A24AF6200718880 /* ToDoListTests.swift */ = {isa = PBXFileReference; lastKnownFileType = sourcecode.swift; name = ToDoListTests.swift; path = ../Tests/ToDoListTests.swift; sourceTree = "<group>"; };
		21DA54BE1A24C66A0015C3EE /* AddToDoItemViewController.swift */ = {isa = PBXFileReference; fileEncoding = 4; lastKnownFileType = sourcecode.swift; name = AddToDoItemViewController.swift; path = Controllers/AddToDoItemViewController.swift; sourceTree = "<group>"; };
		21DA54C41A24C7B00015C3EE /* ToDoListTableViewController.swift */ = {isa = PBXFileReference; fileEncoding = 4; lastKnownFileType = sourcecode.swift; name = ToDoListTableViewController.swift; path = Controllers/ToDoListTableViewController.swift; sourceTree = "<group>"; };
		21DA54C61A24D0120015C3EE /* ToDoItem.swift */ = {isa = PBXFileReference; fileEncoding = 4; lastKnownFileType = sourcecode.swift; name = ToDoItem.swift; path = Models/ToDoItem.swift; sourceTree = "<group>"; };
		21EA43061A310BDF00FB8EB4 /* DefaultPreferences.plist */ = {isa = PBXFileReference; fileEncoding = 4; lastKnownFileType = text.plist.xml; name = DefaultPreferences.plist; path = Resources/DefaultPreferences.plist; sourceTree = "<group>"; };
		21EA43081A3111DB00FB8EB4 /* Security.framework */ = {isa = PBXFileReference; lastKnownFileType = wrapper.framework; name = Security.framework; path = System/Library/Frameworks/Security.framework; sourceTree = SDKROOT; };
		21EA430D1A34D67D00FB8EB4 /* SwiftyJSON.swift */ = {isa = PBXFileReference; fileEncoding = 4; lastKnownFileType = sourcecode.swift; name = SwiftyJSON.swift; path = Libraries/SwiftyJSON.swift; sourceTree = "<group>"; };
		64DE5BE5A7D0537ADCA69740 /* Pods.debug.xcconfig */ = {isa = PBXFileReference; includeInIndex = 1; lastKnownFileType = text.xcconfig; name = Pods.debug.xcconfig; path = "Pods/Target Support Files/Pods/Pods.debug.xcconfig"; sourceTree = "<group>"; };
/* End PBXFileReference section */

/* Begin PBXFrameworksBuildPhase section */
		21BE294C1A24AF6100718880 /* Frameworks */ = {
			isa = PBXFrameworksBuildPhase;
			buildActionMask = 2147483647;
			files = (
				AE966C0B78DE7891B51B225C /* libPods.a in Frameworks */,
			);
			runOnlyForDeploymentPostprocessing = 0;
		};
		21BE29611A24AF6200718880 /* Frameworks */ = {
			isa = PBXFrameworksBuildPhase;
			buildActionMask = 2147483647;
			files = (
			);
			runOnlyForDeploymentPostprocessing = 0;
		};
/* End PBXFrameworksBuildPhase section */

/* Begin PBXGroup section */
		2163ED381A2FFE16002181A2 /* Models */ = {
			isa = PBXGroup;
			children = (
				21DA54C61A24D0120015C3EE /* ToDoItem.swift */,
			);
			name = Models;
			sourceTree = "<group>";
		};
		2163ED391A2FFE1F002181A2 /* Controllers */ = {
			isa = PBXGroup;
			children = (
				21DA54C41A24C7B00015C3EE /* ToDoListTableViewController.swift */,
				21DA54BE1A24C66A0015C3EE /* AddToDoItemViewController.swift */,
				216439B31A2511EB00342169 /* HTTPMethodsViewController.swift */,
				21ACE5E81A33CDE9001D483C /* HTTPResponseViewController.swift */,
			);
			name = Controllers;
			sourceTree = "<group>";
		};
		2163ED3A1A2FFE31002181A2 /* Views */ = {
			isa = PBXGroup;
			children = (
				21ACE5E31A33CB18001D483C /* HTTPResponseView.xib */,
				21BE29581A24AF6100718880 /* Main.storyboard */,
			);
			name = Views;
			sourceTree = "<group>";
		};
		2163ED3B1A2FFEAB002181A2 /* Resources */ = {
			isa = PBXGroup;
			children = (
				21BE295B1A24AF6100718880 /* Images.xcassets */,
				21BE29521A24AF6100718880 /* Property Lists */,
			);
			name = Resources;
			sourceTree = "<group>";
		};
		2163ED3C1A2FFECC002181A2 /* Headers */ = {
			isa = PBXGroup;
			children = (
				216439B21A250A8900342169 /* ToDoList-Bridging-Header.h */,
			);
			name = Headers;
			sourceTree = "<group>";
		};
		21BE29461A24AF6100718880 = {
			isa = PBXGroup;
			children = (
				21BE29511A24AF6100718880 /* ToDoList */,
				21BE29671A24AF6200718880 /* Tests */,
				21BE29501A24AF6100718880 /* Products */,
				4E49C52EE2BE69D83489122F /* Pods */,
				7039C85682512B76179BFDE5 /* Frameworks */,
			);
			sourceTree = "<group>";
		};
		21BE29501A24AF6100718880 /* Products */ = {
			isa = PBXGroup;
			children = (
				21BE294F1A24AF6100718880 /* ToDoList.app */,
				21BE29641A24AF6200718880 /* ToDoListTests.xctest */,
			);
			name = Products;
			sourceTree = "<group>";
		};
		21BE29511A24AF6100718880 /* ToDoList */ = {
			isa = PBXGroup;
			children = (
				21EA43101A34E0BC00FB8EB4 /* Application */,
				2163ED381A2FFE16002181A2 /* Models */,
				2163ED391A2FFE1F002181A2 /* Controllers */,
				2163ED3A1A2FFE31002181A2 /* Views */,
				2163ED3B1A2FFEAB002181A2 /* Resources */,
				2163ED3C1A2FFECC002181A2 /* Headers */,
				21EA430A1A34D64500FB8EB4 /* Libraries */,
			);
			path = ToDoList;
			sourceTree = "<group>";
		};
		21BE29521A24AF6100718880 /* Property Lists */ = {
			isa = PBXGroup;
			children = (
				21BE29531A24AF6100718880 /* Info.plist */,
				21EA43061A310BDF00FB8EB4 /* DefaultPreferences.plist */,
			);
			name = "Property Lists";
			sourceTree = "<group>";
		};
		21BE29671A24AF6200718880 /* Tests */ = {
			isa = PBXGroup;
			children = (
				21BE296A1A24AF6200718880 /* ToDoListTests.swift */,
				21BE29681A24AF6200718880 /* Supporting Files */,
			);
			name = Tests;
			path = ToDoListTests;
			sourceTree = "<group>";
		};
		21BE29681A24AF6200718880 /* Supporting Files */ = {
			isa = PBXGroup;
			children = (
				21BE29691A24AF6200718880 /* Info.plist */,
			);
			name = "Supporting Files";
			sourceTree = "<group>";
		};
		21EA430A1A34D64500FB8EB4 /* Libraries */ = {
			isa = PBXGroup;
			children = (
				21EA430D1A34D67D00FB8EB4 /* SwiftyJSON.swift */,
			);
			name = Libraries;
			sourceTree = "<group>";
		};
		21EA43101A34E0BC00FB8EB4 /* Application */ = {
			isa = PBXGroup;
			children = (
				21BE29541A24AF6100718880 /* AppDelegate.swift */,
			);
			name = Application;
			sourceTree = "<group>";
		};
		4E49C52EE2BE69D83489122F /* Pods */ = {
			isa = PBXGroup;
			children = (
				64DE5BE5A7D0537ADCA69740 /* Pods.debug.xcconfig */,
				1D06FF029878F0738204238B /* Pods.release.xcconfig */,
			);
			name = Pods;
			sourceTree = "<group>";
		};
		7039C85682512B76179BFDE5 /* Frameworks */ = {
			isa = PBXGroup;
			children = (
				21EA43081A3111DB00FB8EB4 /* Security.framework */,
				1A8CDF0306F12544C23C6864 /* libPods.a */,
			);
			name = Frameworks;
			sourceTree = "<group>";
		};
/* End PBXGroup section */

/* Begin PBXNativeTarget section */
		21BE294E1A24AF6100718880 /* ToDoList */ = {
			isa = PBXNativeTarget;
			buildConfigurationList = 21BE296E1A24AF6200718880 /* Build configuration list for PBXNativeTarget "ToDoList" */;
			buildPhases = (
				68D076BB7B1FBDF24856AB23 /* Check Pods Manifest.lock */,
				21BE294B1A24AF6100718880 /* Sources */,
				21BE294C1A24AF6100718880 /* Frameworks */,
				21BE294D1A24AF6100718880 /* Resources */,
				2C9CE136F94E8E67B659151E /* Copy Pods Resources */,
			);
			buildRules = (
			);
			dependencies = (
			);
			name = ToDoList;
			productName = ToDoList;
			productReference = 21BE294F1A24AF6100718880 /* ToDoList.app */;
			productType = "com.apple.product-type.application";
		};
		21BE29631A24AF6200718880 /* ToDoListTests */ = {
			isa = PBXNativeTarget;
			buildConfigurationList = 21BE29711A24AF6200718880 /* Build configuration list for PBXNativeTarget "ToDoListTests" */;
			buildPhases = (
				21BE29601A24AF6200718880 /* Sources */,
				21BE29611A24AF6200718880 /* Frameworks */,
				21BE29621A24AF6200718880 /* Resources */,
			);
			buildRules = (
			);
			dependencies = (
				21BE29661A24AF6200718880 /* PBXTargetDependency */,
			);
			name = ToDoListTests;
			productName = ToDoListTests;
			productReference = 21BE29641A24AF6200718880 /* ToDoListTests.xctest */;
			productType = "com.apple.product-type.bundle.unit-test";
		};
/* End PBXNativeTarget section */

/* Begin PBXProject section */
		21BE29471A24AF6100718880 /* Project object */ = {
			isa = PBXProject;
			attributes = {
				LastUpgradeCheck = 0610;
				ORGANIZATIONNAME = "Kevin Xu";
				TargetAttributes = {
					21BE294E1A24AF6100718880 = {
						CreatedOnToolsVersion = 6.1;
						DevelopmentTeam = ND6T35QN73;
					};
					21BE29631A24AF6200718880 = {
						CreatedOnToolsVersion = 6.1;
						TestTargetID = 21BE294E1A24AF6100718880;
					};
				};
			};
			buildConfigurationList = 21BE294A1A24AF6100718880 /* Build configuration list for PBXProject "ToDoList" */;
			compatibilityVersion = "Xcode 3.2";
			developmentRegion = English;
			hasScannedForEncodings = 0;
			knownRegions = (
				en,
				Base,
			);
			mainGroup = 21BE29461A24AF6100718880;
			productRefGroup = 21BE29501A24AF6100718880 /* Products */;
			projectDirPath = "";
			projectRoot = "";
			targets = (
				21BE294E1A24AF6100718880 /* ToDoList */,
				21BE29631A24AF6200718880 /* ToDoListTests */,
			);
		};
/* End PBXProject section */

/* Begin PBXResourcesBuildPhase section */
		21BE294D1A24AF6100718880 /* Resources */ = {
			isa = PBXResourcesBuildPhase;
			buildActionMask = 2147483647;
			files = (
				21ACE5E51A33CB18001D483C /* HTTPResponseView.xib in Resources */,
				21BE295A1A24AF6100718880 /* Main.storyboard in Resources */,
				21EA43071A310BDF00FB8EB4 /* DefaultPreferences.plist in Resources */,
				21BE295C1A24AF6100718880 /* Images.xcassets in Resources */,
			);
			runOnlyForDeploymentPostprocessing = 0;
		};
		21BE29621A24AF6200718880 /* Resources */ = {
			isa = PBXResourcesBuildPhase;
			buildActionMask = 2147483647;
			files = (
			);
			runOnlyForDeploymentPostprocessing = 0;
		};
/* End PBXResourcesBuildPhase section */

/* Begin PBXShellScriptBuildPhase section */
		2C9CE136F94E8E67B659151E /* Copy Pods Resources */ = {
			isa = PBXShellScriptBuildPhase;
			buildActionMask = 2147483647;
			files = (
			);
			inputPaths = (
			);
			name = "Copy Pods Resources";
			outputPaths = (
			);
			runOnlyForDeploymentPostprocessing = 0;
			shellPath = /bin/sh;
			shellScript = "\"${SRCROOT}/Pods/Target Support Files/Pods/Pods-resources.sh\"\n";
			showEnvVarsInLog = 0;
		};
		68D076BB7B1FBDF24856AB23 /* Check Pods Manifest.lock */ = {
			isa = PBXShellScriptBuildPhase;
			buildActionMask = 2147483647;
			files = (
			);
			inputPaths = (
			);
			name = "Check Pods Manifest.lock";
			outputPaths = (
			);
			runOnlyForDeploymentPostprocessing = 0;
			shellPath = /bin/sh;
			shellScript = "diff \"${PODS_ROOT}/../Podfile.lock\" \"${PODS_ROOT}/Manifest.lock\" > /dev/null\nif [[ $? != 0 ]] ; then\n    cat << EOM\nerror: The sandbox is not in sync with the Podfile.lock. Run 'pod install' or update your CocoaPods installation.\nEOM\n    exit 1\nfi\n";
			showEnvVarsInLog = 0;
		};
/* End PBXShellScriptBuildPhase section */

/* Begin PBXSourcesBuildPhase section */
		21BE294B1A24AF6100718880 /* Sources */ = {
			isa = PBXSourcesBuildPhase;
			buildActionMask = 2147483647;
			files = (
				21BE29551A24AF6100718880 /* AppDelegate.swift in Sources */,
				21DA54BF1A24C66A0015C3EE /* AddToDoItemViewController.swift in Sources */,
				21DA54C71A24D0120015C3EE /* ToDoItem.swift in Sources */,
				216439B41A2511EB00342169 /* HTTPMethodsViewController.swift in Sources */,
				21ACE5E91A33CDE9001D483C /* HTTPResponseViewController.swift in Sources */,
				21EA430E1A34D67D00FB8EB4 /* SwiftyJSON.swift in Sources */,
				21DA54C51A24C7B00015C3EE /* ToDoListTableViewController.swift in Sources */,
			);
			runOnlyForDeploymentPostprocessing = 0;
		};
		21BE29601A24AF6200718880 /* Sources */ = {
			isa = PBXSourcesBuildPhase;
			buildActionMask = 2147483647;
			files = (
				21BE296B1A24AF6200718880 /* ToDoListTests.swift in Sources */,
			);
			runOnlyForDeploymentPostprocessing = 0;
		};
/* End PBXSourcesBuildPhase section */

/* Begin PBXTargetDependency section */
		21BE29661A24AF6200718880 /* PBXTargetDependency */ = {
			isa = PBXTargetDependency;
			target = 21BE294E1A24AF6100718880 /* ToDoList */;
			targetProxy = 21BE29651A24AF6200718880 /* PBXContainerItemProxy */;
		};
/* End PBXTargetDependency section */

/* Begin PBXVariantGroup section */
		21BE29581A24AF6100718880 /* Main.storyboard */ = {
			isa = PBXVariantGroup;
			children = (
				21BE29591A24AF6100718880 /* Base */,
			);
			name = Main.storyboard;
			path = Views;
			sourceTree = "<group>";
		};
/* End PBXVariantGroup section */

/* Begin XCBuildConfiguration section */
		21BE296C1A24AF6200718880 /* Debug */ = {
			isa = XCBuildConfiguration;
			buildSettings = {
				ALWAYS_SEARCH_USER_PATHS = NO;
				CLANG_CXX_LANGUAGE_STANDARD = "gnu++0x";
				CLANG_CXX_LIBRARY = "libc++";
				CLANG_ENABLE_MODULES = YES;
				CLANG_ENABLE_OBJC_ARC = YES;
				CLANG_WARN_BOOL_CONVERSION = YES;
				CLANG_WARN_CONSTANT_CONVERSION = YES;
				CLANG_WARN_DIRECT_OBJC_ISA_USAGE = YES_ERROR;
				CLANG_WARN_EMPTY_BODY = YES;
				CLANG_WARN_ENUM_CONVERSION = YES;
				CLANG_WARN_INT_CONVERSION = YES;
				CLANG_WARN_OBJC_ROOT_CLASS = YES_ERROR;
				CLANG_WARN_UNREACHABLE_CODE = YES;
				CLANG_WARN__DUPLICATE_METHOD_MATCH = YES;
				"CODE_SIGN_IDENTITY[sdk=iphoneos*]" = "iPhone Developer";
				COPY_PHASE_STRIP = NO;
				ENABLE_STRICT_OBJC_MSGSEND = YES;
				GCC_C_LANGUAGE_STANDARD = gnu99;
				GCC_DYNAMIC_NO_PIC = NO;
				GCC_OPTIMIZATION_LEVEL = 0;
				GCC_PREPROCESSOR_DEFINITIONS = (
					"DEBUG=1",
					"$(inherited)",
				);
				GCC_SYMBOLS_PRIVATE_EXTERN = NO;
				GCC_WARN_64_TO_32_BIT_CONVERSION = YES;
				GCC_WARN_ABOUT_RETURN_TYPE = YES_ERROR;
				GCC_WARN_UNDECLARED_SELECTOR = YES;
				GCC_WARN_UNINITIALIZED_AUTOS = YES_AGGRESSIVE;
				GCC_WARN_UNUSED_FUNCTION = YES;
				GCC_WARN_UNUSED_VARIABLE = YES;
				IPHONEOS_DEPLOYMENT_TARGET = 8.1;
				MTL_ENABLE_DEBUG_INFO = YES;
				ONLY_ACTIVE_ARCH = YES;
				SDKROOT = iphoneos;
				SWIFT_OPTIMIZATION_LEVEL = "-Onone";
			};
			name = Debug;
		};
		21BE296D1A24AF6200718880 /* Release */ = {
			isa = XCBuildConfiguration;
			buildSettings = {
				ALWAYS_SEARCH_USER_PATHS = NO;
				CLANG_CXX_LANGUAGE_STANDARD = "gnu++0x";
				CLANG_CXX_LIBRARY = "libc++";
				CLANG_ENABLE_MODULES = YES;
				CLANG_ENABLE_OBJC_ARC = YES;
				CLANG_WARN_BOOL_CONVERSION = YES;
				CLANG_WARN_CONSTANT_CONVERSION = YES;
				CLANG_WARN_DIRECT_OBJC_ISA_USAGE = YES_ERROR;
				CLANG_WARN_EMPTY_BODY = YES;
				CLANG_WARN_ENUM_CONVERSION = YES;
				CLANG_WARN_INT_CONVERSION = YES;
				CLANG_WARN_OBJC_ROOT_CLASS = YES_ERROR;
				CLANG_WARN_UNREACHABLE_CODE = YES;
				CLANG_WARN__DUPLICATE_METHOD_MATCH = YES;
				"CODE_SIGN_IDENTITY[sdk=iphoneos*]" = "iPhone Developer";
				COPY_PHASE_STRIP = YES;
				ENABLE_NS_ASSERTIONS = NO;
				ENABLE_STRICT_OBJC_MSGSEND = YES;
				GCC_C_LANGUAGE_STANDARD = gnu99;
				GCC_WARN_64_TO_32_BIT_CONVERSION = YES;
				GCC_WARN_ABOUT_RETURN_TYPE = YES_ERROR;
				GCC_WARN_UNDECLARED_SELECTOR = YES;
				GCC_WARN_UNINITIALIZED_AUTOS = YES_AGGRESSIVE;
				GCC_WARN_UNUSED_FUNCTION = YES;
				GCC_WARN_UNUSED_VARIABLE = YES;
				IPHONEOS_DEPLOYMENT_TARGET = 8.1;
				MTL_ENABLE_DEBUG_INFO = NO;
				SDKROOT = iphoneos;
				VALIDATE_PRODUCT = YES;
			};
			name = Release;
		};
		21BE296F1A24AF6200718880 /* Debug */ = {
			isa = XCBuildConfiguration;
			baseConfigurationReference = 64DE5BE5A7D0537ADCA69740 /* Pods.debug.xcconfig */;
			buildSettings = {
				ASSETCATALOG_COMPILER_APPICON_NAME = AppIcon;
				CODE_SIGN_IDENTITY = "iPhone Developer";
				"CODE_SIGN_IDENTITY[sdk=iphoneos*]" = "iPhone Developer";
				INFOPLIST_FILE = ToDoList/Resources/Info.plist;
				LD_RUNPATH_SEARCH_PATHS = "$(inherited) @executable_path/Frameworks";
				PRODUCT_NAME = "$(TARGET_NAME)";
				PROVISIONING_PROFILE = "";
				SWIFT_OBJC_BRIDGING_HEADER = "ToDoList/Headers/ToDoList-Bridging-Header.h";
			};
			name = Debug;
		};
		21BE29701A24AF6200718880 /* Release */ = {
			isa = XCBuildConfiguration;
			baseConfigurationReference = 1D06FF029878F0738204238B /* Pods.release.xcconfig */;
			buildSettings = {
				ASSETCATALOG_COMPILER_APPICON_NAME = AppIcon;
				CODE_SIGN_IDENTITY = "iPhone Developer";
				"CODE_SIGN_IDENTITY[sdk=iphoneos*]" = "iPhone Developer";
				INFOPLIST_FILE = ToDoList/Resources/Info.plist;
				LD_RUNPATH_SEARCH_PATHS = "$(inherited) @executable_path/Frameworks";
				PRODUCT_NAME = "$(TARGET_NAME)";
				PROVISIONING_PROFILE = "";
				SWIFT_OBJC_BRIDGING_HEADER = "ToDoList/Headers/ToDoList-Bridging-Header.h";
			};
			name = Release;
		};
		21BE29721A24AF6200718880 /* Debug */ = {
			isa = XCBuildConfiguration;
			buildSettings = {
				BUNDLE_LOADER = "$(TEST_HOST)";
				FRAMEWORK_SEARCH_PATHS = (
					"$(SDKROOT)/Developer/Library/Frameworks",
					"$(inherited)",
				);
				GCC_PREPROCESSOR_DEFINITIONS = (
					"DEBUG=1",
					"$(inherited)",
				);
				INFOPLIST_FILE = Tests/Info.plist;
				LD_RUNPATH_SEARCH_PATHS = "$(inherited) @executable_path/Frameworks @loader_path/Frameworks";
				PRODUCT_NAME = "$(TARGET_NAME)";
				TEST_HOST = "$(BUILT_PRODUCTS_DIR)/ToDoList.app/ToDoList";
			};
			name = Debug;
		};
		21BE29731A24AF6200718880 /* Release */ = {
			isa = XCBuildConfiguration;
			buildSettings = {
				BUNDLE_LOADER = "$(TEST_HOST)";
				FRAMEWORK_SEARCH_PATHS = (
					"$(SDKROOT)/Developer/Library/Frameworks",
					"$(inherited)",
				);
				INFOPLIST_FILE = Tests/Info.plist;
				LD_RUNPATH_SEARCH_PATHS = "$(inherited) @executable_path/Frameworks @loader_path/Frameworks";
				PRODUCT_NAME = "$(TARGET_NAME)";
				TEST_HOST = "$(BUILT_PRODUCTS_DIR)/ToDoList.app/ToDoList";
			};
			name = Release;
		};
/* End XCBuildConfiguration section */

/* Begin XCConfigurationList section */
		21BE294A1A24AF6100718880 /* Build configuration list for PBXProject "ToDoList" */ = {
			isa = XCConfigurationList;
			buildConfigurations = (
				21BE296C1A24AF6200718880 /* Debug */,
				21BE296D1A24AF6200718880 /* Release */,
			);
			defaultConfigurationIsVisible = 0;
			defaultConfigurationName = Release;
		};
		21BE296E1A24AF6200718880 /* Build configuration list for PBXNativeTarget "ToDoList" */ = {
			isa = XCConfigurationList;
			buildConfigurations = (
				21BE296F1A24AF6200718880 /* Debug */,
				21BE29701A24AF6200718880 /* Release */,
			);
			defaultConfigurationIsVisible = 0;
			defaultConfigurationName = Release;
		};
		21BE29711A24AF6200718880 /* Build configuration list for PBXNativeTarget "ToDoListTests" */ = {
			isa = XCConfigurationList;
			buildConfigurations = (
				21BE29721A24AF6200718880 /* Debug */,
				21BE29731A24AF6200718880 /* Release */,
			);
			defaultConfigurationIsVisible = 0;
			defaultConfigurationName = Release;
		};
/* End XCConfigurationList section */
	};
	rootObject = 21BE29471A24AF6100718880 /* Project object */;
}
